
Microsoft Visual Studio Solution File, Format Version 12.00
# Visual Studio Version 17
VisualStudioVersion = 17.7.34018.315
MinimumVisualStudioVersion = 10.0.40219.1
Project("{8BC9CEB8-8B4A-11D0-8D11-00A0C91BC942}") = "Workshop_1", "Workshop_1\Workshop_1.vcxproj", "{6B621788-24E0-44A1-985F-B4CE24D1115A}"
EndProject
Project("{8BC9CEB8-8B4A-11D0-8D11-00A0C91BC942}") = "Workshop_2", "Workshop_2\Workshop_2.vcxproj", "{E3BA46CB-3C58-4FFC-857F-A3C89428FD6C}"
EndProject
Project("{8BC9CEB8-8B4A-11D0-8D11-00A0C91BC942}") = "Workshop_3", "Workshop_3\Workshop_3.vcxproj", "{A7C9356D-73A3-4EA0-97DE-635DA1B9C87E}"
EndProject
Project("{8BC9CEB8-8B4A-11D0-8D11-00A0C91BC942}") = "Workshop_4", "Workshop_4\Workshop_4.vcxproj", "{C8F27243-0233-4081-BE3F-A8332512CA67}"
EndProject
Project("{8BC9CEB8-8B4A-11D0-8D11-00A0C91BC942}") = "Workshop_5", "Workshop_5\Workshop_5.vcxproj", "{4338FB86-8311-43E8-8D74-7CA2F7CA5CB9}"
EndProject
Project("{8BC9CEB8-8B4A-11D0-8D11-00A0C91BC942}") = "Workshop_6", "Workshop_6\Workshop_6.vcxproj", "{C2AC30B5-BE4E-4424-A7C5-48EAD06B3C73}"
EndProject
Project("{8BC9CEB8-8B4A-11D0-8D11-00A0C91BC942}") = "Workshop_7", "Workshop_7\Workshop_7.vcxproj", "{EB658925-DCCB-46A7-BD50-B27575816530}"
EndProject
Project("{8BC9CEB8-8B4A-11D0-8D11-00A0C91BC942}") = "Workshop_8", "Workshop_8\Workshop_8.vcxproj", "{1C823947-FFCA-4A01-ACD7-46EBEFBDD2A3}"
EndProject
Global
	GlobalSection(SolutionConfigurationPlatforms) = preSolution
		Debug|x64 = Debug|x64
		Debug|x86 = Debug|x86
		Release|x64 = Release|x64
		Release|x86 = Release|x86
	EndGlobalSection
	GlobalSection(ProjectConfigurationPlatforms) = postSolution
		{6B621788-24E0-44A1-985F-B4CE24D1115A}.Debug|x64.ActiveCfg = Debug|x64
		{6B621788-24E0-44A1-985F-B4CE24D1115A}.Debug|x64.Build.0 = Debug|x64
		{6B621788-24E0-44A1-985F-B4CE24D1115A}.Debug|x86.ActiveCfg = Debug|Win32
		{6B621788-24E0-44A1-985F-B4CE24D1115A}.Debug|x86.Build.0 = Debug|Win32
		{6B621788-24E0-44A1-985F-B4CE24D1115A}.Release|x64.ActiveCfg = Release|x64
		{6B621788-24E0-44A1-985F-B4CE24D1115A}.Release|x64.Build.0 = Release|x64
		{6B621788-24E0-44A1-985F-B4CE24D1115A}.Release|x86.ActiveCfg = Release|Win32
		{6B621788-24E0-44A1-985F-B4CE24D1115A}.Release|x86.Build.0 = Release|Win32
		{E3BA46CB-3C58-4FFC-857F-A3C89428FD6C}.Debug|x64.ActiveCfg = Debug|x64
		{E3BA46CB-3C58-4FFC-857F-A3C89428FD6C}.Debug|x64.Build.0 = Debug|x64
		{E3BA46CB-3C58-4FFC-857F-A3C89428FD6C}.Debug|x86.ActiveCfg = Debug|Win32
		{E3BA46CB-3C58-4FFC-857F-A3C89428FD6C}.Debug|x86.Build.0 = Debug|Win32
		{E3BA46CB-3C58-4FFC-857F-A3C89428FD6C}.Release|x64.ActiveCfg = Release|x64
		{E3BA46CB-3C58-4FFC-857F-A3C89428FD6C}.Release|x64.Build.0 = Release|x64
		{E3BA46CB-3C58-4FFC-857F-A3C89428FD6C}.Release|x86.ActiveCfg = Release|Win32
		{E3BA46CB-3C58-4FFC-857F-A3C89428FD6C}.Release|x86.Build.0 = Release|Win32
		{A7C9356D-73A3-4EA0-97DE-635DA1B9C87E}.Debug|x64.ActiveCfg = Debug|x64
		{A7C9356D-73A3-4EA0-97DE-635DA1B9C87E}.Debug|x64.Build.0 = Debug|x64
		{A7C9356D-73A3-4EA0-97DE-635DA1B9C87E}.Debug|x86.ActiveCfg = Debug|Win32
		{A7C9356D-73A3-4EA0-97DE-635DA1B9C87E}.Debug|x86.Build.0 = Debug|Win32
		{A7C9356D-73A3-4EA0-97DE-635DA1B9C87E}.Release|x64.ActiveCfg = Release|x64
		{A7C9356D-73A3-4EA0-97DE-635DA1B9C87E}.Release|x64.Build.0 = Release|x64
		{A7C9356D-73A3-4EA0-97DE-635DA1B9C87E}.Release|x86.ActiveCfg = Release|Win32
		{A7C9356D-73A3-4EA0-97DE-635DA1B9C87E}.Release|x86.Build.0 = Release|Win32
		{C8F27243-0233-4081-BE3F-A8332512CA67}.Debug|x64.ActiveCfg = Debug|x64
		{C8F27243-0233-4081-BE3F-A8332512CA67}.Debug|x64.Build.0 = Debug|x64
		{C8F27243-0233-4081-BE3F-A8332512CA67}.Debug|x86.ActiveCfg = Debug|Win32
		{C8F27243-0233-4081-BE3F-A8332512CA67}.Debug|x86.Build.0 = Debug|Win32
		{C8F27243-0233-4081-BE3F-A8332512CA67}.Release|x64.ActiveCfg = Release|x64
		{C8F27243-0233-4081-BE3F-A8332512CA67}.Release|x64.Build.0 = Release|x64
		{C8F27243-0233-4081-BE3F-A8332512CA67}.Release|x86.ActiveCfg = Release|Win32
		{C8F27243-0233-4081-BE3F-A8332512CA67}.Release|x86.Build.0 = Release|Win32
		{4338FB86-8311-43E8-8D74-7CA2F7CA5CB9}.Debug|x64.ActiveCfg = Debug|x64
		{4338FB86-8311-43E8-8D74-7CA2F7CA5CB9}.Debug|x64.Build.0 = Debug|x64
		{4338FB86-8311-43E8-8D74-7CA2F7CA5CB9}.Debug|x86.ActiveCfg = Debug|Win32
		{4338FB86-8311-43E8-8D74-7CA2F7CA5CB9}.Debug|x86.Build.0 = Debug|Win32
		{4338FB86-8311-43E8-8D74-7CA2F7CA5CB9}.Release|x64.ActiveCfg = Release|x64
		{4338FB86-8311-43E8-8D74-7CA2F7CA5CB9}.Release|x64.Build.0 = Release|x64
		{4338FB86-8311-43E8-8D74-7CA2F7CA5CB9}.Release|x86.ActiveCfg = Release|Win32
		{4338FB86-8311-43E8-8D74-7CA2F7CA5CB9}.Release|x86.Build.0 = Release|Win32
		{C2AC30B5-BE4E-4424-A7C5-48EAD06B3C73}.Debug|x64.ActiveCfg = Debug|x64
		{C2AC30B5-BE4E-4424-A7C5-48EAD06B3C73}.Debug|x64.Build.0 = Debug|x64
		{C2AC30B5-BE4E-4424-A7C5-48EAD06B3C73}.Debug|x86.ActiveCfg = Debug|Win32
		{C2AC30B5-BE4E-4424-A7C5-48EAD06B3C73}.Debug|x86.Build.0 = Debug|Win32
		{C2AC30B5-BE4E-4424-A7C5-48EAD06B3C73}.Release|x64.ActiveCfg = Release|x64
		{C2AC30B5-BE4E-4424-A7C5-48EAD06B3C73}.Release|x64.Build.0 = Release|x64
		{C2AC30B5-BE4E-4424-A7C5-48EAD06B3C73}.Release|x86.ActiveCfg = Release|Win32
		{C2AC30B5-BE4E-4424-A7C5-48EAD06B3C73}.Release|x86.Build.0 = Release|Win32
		{EB658925-DCCB-46A7-BD50-B27575816530}.Debug|x64.ActiveCfg = Debug|x64
		{EB658925-DCCB-46A7-BD50-B27575816530}.Debug|x64.Build.0 = Debug|x64
		{EB658925-DCCB-46A7-BD50-B27575816530}.Debug|x86.ActiveCfg = Debug|Win32
		{EB658925-DCCB-46A7-BD50-B27575816530}.Debug|x86.Build.0 = Debug|Win32
		{EB658925-DCCB-46A7-BD50-B27575816530}.Release|x64.ActiveCfg = Release|x64
		{EB658925-DCCB-46A7-BD50-B27575816530}.Release|x64.Build.0 = Release|x64
		{EB658925-DCCB-46A7-BD50-B27575816530}.Release|x86.ActiveCfg = Release|Win32
		{EB658925-DCCB-46A7-BD50-B27575816530}.Release|x86.Build.0 = Release|Win32
		{1C823947-FFCA-4A01-ACD7-46EBEFBDD2A3}.Debug|x64.ActiveCfg = Debug|x64
		{1C823947-FFCA-4A01-ACD7-46EBEFBDD2A3}.Debug|x64.Build.0 = Debug|x64
		{1C823947-FFCA-4A01-ACD7-46EBEFBDD2A3}.Debug|x86.ActiveCfg = Debug|Win32
		{1C823947-FFCA-4A01-ACD7-46EBEFBDD2A3}.Debug|x86.Build.0 = Debug|Win32
		{1C823947-FFCA-4A01-ACD7-46EBEFBDD2A3}.Release|x64.ActiveCfg = Release|x64
		{1C823947-FFCA-4A01-ACD7-46EBEFBDD2A3}.Release|x64.Build.0 = Release|x64
		{1C823947-FFCA-4A01-ACD7-46EBEFBDD2A3}.Release|x86.ActiveCfg = Release|Win32
		{1C823947-FFCA-4A01-ACD7-46EBEFBDD2A3}.Release|x86.Build.0 = Release|Win32
	EndGlobalSection
	GlobalSection(SolutionProperties) = preSolution
		HideSolutionNode = FALSE
	EndGlobalSection
	GlobalSection(ExtensibilityGlobals) = postSolution
		SolutionGuid = {7ABFA075-A059-417D-A503-4550F0D1D3E5}
	EndGlobalSection
EndGlobal
